PODS:
  - Alamofire (4.9.1)
  - IQKeyboardManagerSwift (6.5.6)
  - NVActivityIndicatorView (5.0.1):
    - NVActivityIndicatorView/Base (= 5.0.1)
  - NVActivityIndicatorView/Base (5.0.1)
  - RxCocoa (5.1.1):
    - RxRelay (~> 5)
    - RxSwift (~> 5)
  - RxRelay (5.1.1):
    - RxSwift (~> 5)
  - RxSwift (5.1.1)
  - SainiUtils (0.2.1)
  - Toaster (2.2.0)

DEPENDENCIES:
  - Alamofire (= 4.9.1)
  - IQKeyboardManagerSwift
  - NVActivityIndicatorView
  - RxCocoa
  - RxSwift
  - SainiUtils
  - Toaster

SPEC REPOS:
  trunk:
    - Alamofire
    - IQKeyboardManagerSwift
    - NVActivityIndicatorView
    - RxCocoa
    - RxRelay
    - RxSwift
    - SainiUtils
    - Toaster

SPEC CHECKSUMS:
  Alamofire: 85e8a02c69d6020a0d734f6054870d7ecb75cf18
  IQKeyboardManagerSwift: c7df9d2deb356c04522f5c4b7b6e4ce4d8ed94fe
  NVActivityIndicatorView: 738e843cb8924e9e4fc3e559d0728031624bf860
  RxCocoa: 32065309a38d29b5b0db858819b5bf9ef038b601
  RxRelay: d77f7d771495f43c556cbc43eebd1bb54d01e8e9
  RxSwift: 81470a2074fa8780320ea5fe4102807cb7118178
  SainiUtils: 0fe398d1030ebbd6edf7f51e5e3ebfd19a48ef27
  Toaster: c1a81b376edcc2470157b4d1ee1e9341d3b96455

PODFILE CHECKSUM: a97f9921160742dff14bbb613be73909292aae79

COCOAPODS: 1.8.3
